// !$*UTF8*$!
{
	archiveVersion = 1;
	classes = {
	};
	objectVersion = 50;
	objects = {

/* Begin PBXBuildFile section */
		51949BAD25C79EFE004D5A21 /* SwiftyLabels.framework in Frameworks */ = {isa = PBXBuildFile; fileRef = 51949BA325C79EFE004D5A21 /* SwiftyLabels.framework */; };
		51949BB225C79EFE004D5A21 /* SwiftyLabelsTests.swift in Sources */ = {isa = PBXBuildFile; fileRef = 51949BB125C79EFE004D5A21 /* SwiftyLabelsTests.swift */; };
		51949BB425C79EFE004D5A21 /* SwiftyLabels.h in Headers */ = {isa = PBXBuildFile; fileRef = 51949BA625C79EFE004D5A21 /* SwiftyLabels.h */; settings = {ATTRIBUTES = (Public, ); }; };
		51949BC625C7A0D7004D5A21 /* AppDelegate.swift in Sources */ = {isa = PBXBuildFile; fileRef = 51949BC525C7A0D7004D5A21 /* AppDelegate.swift */; };
		51949BC825C7A0D7004D5A21 /* SceneDelegate.swift in Sources */ = {isa = PBXBuildFile; fileRef = 51949BC725C7A0D7004D5A21 /* SceneDelegate.swift */; };
		51949BCA25C7A0D7004D5A21 /* ViewController.swift in Sources */ = {isa = PBXBuildFile; fileRef = 51949BC925C7A0D7004D5A21 /* ViewController.swift */; };
		51949BCD25C7A0D7004D5A21 /* Main.storyboard in Resources */ = {isa = PBXBuildFile; fileRef = 51949BCB25C7A0D7004D5A21 /* Main.storyboard */; };
		51949BCF25C7A0DB004D5A21 /* Assets.xcassets in Resources */ = {isa = PBXBuildFile; fileRef = 51949BCE25C7A0DB004D5A21 /* Assets.xcassets */; };
		51949BD225C7A0DB004D5A21 /* LaunchScreen.storyboard in Resources */ = {isa = PBXBuildFile; fileRef = 51949BD025C7A0DB004D5A21 /* LaunchScreen.storyboard */; };
		51949BDB25C7A71D004D5A21 /* SwiftyCoolLabels.swift in Sources */ = {isa = PBXBuildFile; fileRef = 51949BDA25C7A71D004D5A21 /* SwiftyCoolLabels.swift */; };
/* End PBXBuildFile section */

/* Begin PBXContainerItemProxy section */
		51949BAE25C79EFE004D5A21 /* PBXContainerItemProxy */ = {
			isa = PBXContainerItemProxy;
			containerPortal = 51949B9A25C79EFE004D5A21 /* Project object */;
			proxyType = 1;
			remoteGlobalIDString = 51949BA225C79EFE004D5A21;
			remoteInfo = SwiftyLabels;
		};
/* End PBXContainerItemProxy section */

/* Begin PBXFileReference section */
		51949BA325C79EFE004D5A21 /* SwiftyLabels.framework */ = {isa = PBXFileReference; explicitFileType = wrapper.framework; includeInIndex = 0; path = SwiftyLabels.framework; sourceTree = BUILT_PRODUCTS_DIR; };
		51949BA625C79EFE004D5A21 /* SwiftyLabels.h */ = {isa = PBXFileReference; lastKnownFileType = sourcecode.c.h; path = SwiftyLabels.h; sourceTree = "<group>"; };
		51949BA725C79EFE004D5A21 /* Info.plist */ = {isa = PBXFileReference; lastKnownFileType = text.plist.xml; path = Info.plist; sourceTree = "<group>"; };
		51949BAC25C79EFE004D5A21 /* SwiftyLabelsTests.xctest */ = {isa = PBXFileReference; explicitFileType = wrapper.cfbundle; includeInIndex = 0; path = SwiftyLabelsTests.xctest; sourceTree = BUILT_PRODUCTS_DIR; };
		51949BB125C79EFE004D5A21 /* SwiftyLabelsTests.swift */ = {isa = PBXFileReference; lastKnownFileType = sourcecode.swift; path = SwiftyLabelsTests.swift; sourceTree = "<group>"; };
		51949BB325C79EFE004D5A21 /* Info.plist */ = {isa = PBXFileReference; lastKnownFileType = text.plist.xml; path = Info.plist; sourceTree = "<group>"; };
		51949BC325C7A0D7004D5A21 /* SwiftyLabelsExamples.app */ = {isa = PBXFileReference; explicitFileType = wrapper.application; includeInIndex = 0; path = SwiftyLabelsExamples.app; sourceTree = BUILT_PRODUCTS_DIR; };
		51949BC525C7A0D7004D5A21 /* AppDelegate.swift */ = {isa = PBXFileReference; lastKnownFileType = sourcecode.swift; path = AppDelegate.swift; sourceTree = "<group>"; };
		51949BC725C7A0D7004D5A21 /* SceneDelegate.swift */ = {isa = PBXFileReference; lastKnownFileType = sourcecode.swift; path = SceneDelegate.swift; sourceTree = "<group>"; };
		51949BC925C7A0D7004D5A21 /* ViewController.swift */ = {isa = PBXFileReference; lastKnownFileType = sourcecode.swift; path = ViewController.swift; sourceTree = "<group>"; };
		51949BCC25C7A0D7004D5A21 /* Base */ = {isa = PBXFileReference; lastKnownFileType = file.storyboard; name = Base; path = Base.lproj/Main.storyboard; sourceTree = "<group>"; };
		51949BCE25C7A0DB004D5A21 /* Assets.xcassets */ = {isa = PBXFileReference; lastKnownFileType = folder.assetcatalog; path = Assets.xcassets; sourceTree = "<group>"; };
		51949BD125C7A0DB004D5A21 /* Base */ = {isa = PBXFileReference; lastKnownFileType = file.storyboard; name = Base; path = Base.lproj/LaunchScreen.storyboard; sourceTree = "<group>"; };
		51949BD325C7A0DB004D5A21 /* Info.plist */ = {isa = PBXFileReference; lastKnownFileType = text.plist.xml; path = Info.plist; sourceTree = "<group>"; };
		51949BDA25C7A71D004D5A21 /* SwiftyCoolLabels.swift */ = {isa = PBXFileReference; lastKnownFileType = sourcecode.swift; path = SwiftyCoolLabels.swift; sourceTree = "<group>"; };
/* End PBXFileReference section */

/* Begin PBXFrameworksBuildPhase section */
		51949BA025C79EFE004D5A21 /* Frameworks */ = {
			isa = PBXFrameworksBuildPhase;
			buildActionMask = 2147483647;
			files = (
			);
			runOnlyForDeploymentPostprocessing = 0;
		};
		51949BA925C79EFE004D5A21 /* Frameworks */ = {
			isa = PBXFrameworksBuildPhase;
			buildActionMask = 2147483647;
			files = (
				51949BAD25C79EFE004D5A21 /* SwiftyLabels.framework in Frameworks */,
			);
			runOnlyForDeploymentPostprocessing = 0;
		};
		51949BC025C7A0D7004D5A21 /* Frameworks */ = {
			isa = PBXFrameworksBuildPhase;
			buildActionMask = 2147483647;
			files = (
			);
			runOnlyForDeploymentPostprocessing = 0;
		};
/* End PBXFrameworksBuildPhase section */

/* Begin PBXGroup section */
		51949B9925C79EFE004D5A21 = {
			isa = PBXGroup;
			children = (
				51949BA525C79EFE004D5A21 /* SwiftyLabels */,
				51949BB025C79EFE004D5A21 /* SwiftyLabelsTests */,
				51949BC425C7A0D7004D5A21 /* SwiftyLabelsExamples */,
				51949BA425C79EFE004D5A21 /* Products */,
			);
			sourceTree = "<group>";
		};
		51949BA425C79EFE004D5A21 /* Products */ = {
			isa = PBXGroup;
			children = (
				51949BA325C79EFE004D5A21 /* SwiftyLabels.framework */,
				51949BAC25C79EFE004D5A21 /* SwiftyLabelsTests.xctest */,
				51949BC325C7A0D7004D5A21 /* SwiftyLabelsExamples.app */,
			);
			name = Products;
			sourceTree = "<group>";
		};
		51949BA525C79EFE004D5A21 /* SwiftyLabels */ = {
			isa = PBXGroup;
			children = (
				51949BA625C79EFE004D5A21 /* SwiftyLabels.h */,
				51949BA725C79EFE004D5A21 /* Info.plist */,
				51949BDA25C7A71D004D5A21 /* SwiftyCoolLabels.swift */,
			);
			path = SwiftyLabels;
			sourceTree = "<group>";
		};
		51949BB025C79EFE004D5A21 /* SwiftyLabelsTests */ = {
			isa = PBXGroup;
			children = (
				51949BB125C79EFE004D5A21 /* SwiftyLabelsTests.swift */,
				51949BB325C79EFE004D5A21 /* Info.plist */,
			);
			path = SwiftyLabelsTests;
			sourceTree = "<group>";
		};
		51949BC425C7A0D7004D5A21 /* SwiftyLabelsExamples */ = {
			isa = PBXGroup;
			children = (
				51949BC525C7A0D7004D5A21 /* AppDelegate.swift */,
				51949BC725C7A0D7004D5A21 /* SceneDelegate.swift */,
				51949BC925C7A0D7004D5A21 /* ViewController.swift */,
				51949BCB25C7A0D7004D5A21 /* Main.storyboard */,
				51949BCE25C7A0DB004D5A21 /* Assets.xcassets */,
				51949BD025C7A0DB004D5A21 /* LaunchScreen.storyboard */,
				51949BD325C7A0DB004D5A21 /* Info.plist */,
			);
			path = SwiftyLabelsExamples;
			sourceTree = "<group>";
		};
/* End PBXGroup section */

/* Begin PBXHeadersBuildPhase section */
		51949B9E25C79EFE004D5A21 /* Headers */ = {
			isa = PBXHeadersBuildPhase;
			buildActionMask = 2147483647;
			files = (
				51949BB425C79EFE004D5A21 /* SwiftyLabels.h in Headers */,
			);
			runOnlyForDeploymentPostprocessing = 0;
		};
/* End PBXHeadersBuildPhase section */

/* Begin PBXNativeTarget section */
		51949BA225C79EFE004D5A21 /* SwiftyLabels */ = {
			isa = PBXNativeTarget;
			buildConfigurationList = 51949BB725C79EFE004D5A21 /* Build configuration list for PBXNativeTarget "SwiftyLabels" */;
			buildPhases = (
				51949B9E25C79EFE004D5A21 /* Headers */,
				51949B9F25C79EFE004D5A21 /* Sources */,
				51949BA025C79EFE004D5A21 /* Frameworks */,
				51949BA125C79EFE004D5A21 /* Resources */,
			);
			buildRules = (
			);
			dependencies = (
			);
			name = SwiftyLabels;
			productName = SwiftyLabels;
			productReference = 51949BA325C79EFE004D5A21 /* SwiftyLabels.framework */;
			productType = "com.apple.product-type.framework";
		};
		51949BAB25C79EFE004D5A21 /* SwiftyLabelsTests */ = {
			isa = PBXNativeTarget;
			buildConfigurationList = 51949BBA25C79EFE004D5A21 /* Build configuration list for PBXNativeTarget "SwiftyLabelsTests" */;
			buildPhases = (
				51949BA825C79EFE004D5A21 /* Sources */,
				51949BA925C79EFE004D5A21 /* Frameworks */,
				51949BAA25C79EFE004D5A21 /* Resources */,
			);
			buildRules = (
			);
			dependencies = (
				51949BAF25C79EFE004D5A21 /* PBXTargetDependency */,
			);
			name = SwiftyLabelsTests;
			productName = SwiftyLabelsTests;
			productReference = 51949BAC25C79EFE004D5A21 /* SwiftyLabelsTests.xctest */;
			productType = "com.apple.product-type.bundle.unit-test";
		};
		51949BC225C7A0D7004D5A21 /* SwiftyLabelsExamples */ = {
			isa = PBXNativeTarget;
			buildConfigurationList = 51949BD425C7A0DB004D5A21 /* Build configuration list for PBXNativeTarget "SwiftyLabelsExamples" */;
			buildPhases = (
				51949BBF25C7A0D7004D5A21 /* Sources */,
				51949BC025C7A0D7004D5A21 /* Frameworks */,
				51949BC125C7A0D7004D5A21 /* Resources */,
			);
			buildRules = (
			);
			dependencies = (
			);
			name = SwiftyLabelsExamples;
			productName = SwiftyLabelsExamples;
			productReference = 51949BC325C7A0D7004D5A21 /* SwiftyLabelsExamples.app */;
			productType = "com.apple.product-type.application";
		};
/* End PBXNativeTarget section */

/* Begin PBXProject section */
		51949B9A25C79EFE004D5A21 /* Project object */ = {
			isa = PBXProject;
			attributes = {
				LastSwiftUpdateCheck = 1240;
				LastUpgradeCheck = 1240;
				TargetAttributes = {
					51949BA225C79EFE004D5A21 = {
						CreatedOnToolsVersion = 12.4;
						LastSwiftMigration = 1240;
					};
					51949BAB25C79EFE004D5A21 = {
						CreatedOnToolsVersion = 12.4;
					};
					51949BC225C7A0D7004D5A21 = {
						CreatedOnToolsVersion = 12.4;
					};
				};
			};
			buildConfigurationList = 51949B9D25C79EFE004D5A21 /* Build configuration list for PBXProject "SwiftyLabels" */;
			compatibilityVersion = "Xcode 9.3";
			developmentRegion = en;
			hasScannedForEncodings = 0;
			knownRegions = (
				en,
				Base,
			);
			mainGroup = 51949B9925C79EFE004D5A21;
			productRefGroup = 51949BA425C79EFE004D5A21 /* Products */;
			projectDirPath = "";
			projectRoot = "";
			targets = (
				51949BA225C79EFE004D5A21 /* SwiftyLabels */,
				51949BAB25C79EFE004D5A21 /* SwiftyLabelsTests */,
				51949BC225C7A0D7004D5A21 /* SwiftyLabelsExamples */,
			);
		};
/* End PBXProject section */

/* Begin PBXResourcesBuildPhase section */
		51949BA125C79EFE004D5A21 /* Resources */ = {
			isa = PBXResourcesBuildPhase;
			buildActionMask = 2147483647;
			files = (
			);
			runOnlyForDeploymentPostprocessing = 0;
		};
		51949BAA25C79EFE004D5A21 /* Resources */ = {
			isa = PBXResourcesBuildPhase;
			buildActionMask = 2147483647;
			files = (
			);
			runOnlyForDeploymentPostprocessing = 0;
		};
		51949BC125C7A0D7004D5A21 /* Resources */ = {
			isa = PBXResourcesBuildPhase;
			buildActionMask = 2147483647;
			files = (
				51949BD225C7A0DB004D5A21 /* LaunchScreen.storyboard in Resources */,
				51949BCF25C7A0DB004D5A21 /* Assets.xcassets in Resources */,
				51949BCD25C7A0D7004D5A21 /* Main.storyboard in Resources */,
			);
			runOnlyForDeploymentPostprocessing = 0;
		};
/* End PBXResourcesBuildPhase section */

/* Begin PBXSourcesBuildPhase section */
		51949B9F25C79EFE004D5A21 /* Sources */ = {
			isa = PBXSourcesBuildPhase;
			buildActionMask = 2147483647;
			files = (
				51949BDB25C7A71D004D5A21 /* SwiftyCoolLabels.swift in Sources */,
			);
			runOnlyForDeploymentPostprocessing = 0;
		};
		51949BA825C79EFE004D5A21 /* Sources */ = {
			isa = PBXSourcesBuildPhase;
			buildActionMask = 2147483647;
			files = (
				51949BB225C79EFE004D5A21 /* SwiftyLabelsTests.swift in Sources */,
			);
			runOnlyForDeploymentPostprocessing = 0;
		};
		51949BBF25C7A0D7004D5A21 /* Sources */ = {
			isa = PBXSourcesBuildPhase;
			buildActionMask = 2147483647;
			files = (
				51949BCA25C7A0D7004D5A21 /* ViewController.swift in Sources */,
				51949BC625C7A0D7004D5A21 /* AppDelegate.swift in Sources */,
				51949BC825C7A0D7004D5A21 /* SceneDelegate.swift in Sources */,
			);
			runOnlyForDeploymentPostprocessing = 0;
		};
/* End PBXSourcesBuildPhase section */

/* Begin PBXTargetDependency section */
		51949BAF25C79EFE004D5A21 /* PBXTargetDependency */ = {
			isa = PBXTargetDependency;
			target = 51949BA225C79EFE004D5A21 /* SwiftyLabels */;
			targetProxy = 51949BAE25C79EFE004D5A21 /* PBXContainerItemProxy */;
		};
/* End PBXTargetDependency section */

/* Begin PBXVariantGroup section */
		51949BCB25C7A0D7004D5A21 /* Main.storyboard */ = {
			isa = PBXVariantGroup;
			children = (
				51949BCC25C7A0D7004D5A21 /* Base */,
			);
			name = Main.storyboard;
			sourceTree = "<group>";
		};
		51949BD025C7A0DB004D5A21 /* LaunchScreen.storyboard */ = {
			isa = PBXVariantGroup;
			children = (
				51949BD125C7A0DB004D5A21 /* Base */,
			);
			name = LaunchScreen.storyboard;
			sourceTree = "<group>";
		};
/* End PBXVariantGroup section */

/* Begin XCBuildConfiguration section */
		51949BB525C79EFE004D5A21 /* Debug */ = {
			isa = XCBuildConfiguration;
			buildSettings = {
				ALWAYS_SEARCH_USER_PATHS = NO;
				CLANG_ANALYZER_NONNULL = YES;
				CLANG_ANALYZER_NUMBER_OBJECT_CONVERSION = YES_AGGRESSIVE;
				CLANG_CXX_LANGUAGE_STANDARD = "gnu++14";
				CLANG_CXX_LIBRARY = "libc++";
				CLANG_ENABLE_MODULES = YES;
				CLANG_ENABLE_OBJC_ARC = YES;
				CLANG_ENABLE_OBJC_WEAK = YES;
				CLANG_WARN_BLOCK_CAPTURE_AUTORELEASING = YES;
				CLANG_WARN_BOOL_CONVERSION = YES;
				CLANG_WARN_COMMA = YES;
				CLANG_WARN_CONSTANT_CONVERSION = YES;
				CLANG_WARN_DEPRECATED_OBJC_IMPLEMENTATIONS = YES;
				CLANG_WARN_DIRECT_OBJC_ISA_USAGE = YES_ERROR;
				CLANG_WARN_DOCUMENTATION_COMMENTS = YES;
				CLANG_WARN_EMPTY_BODY = YES;
				CLANG_WARN_ENUM_CONVERSION = YES;
				CLANG_WARN_INFINITE_RECURSION = YES;
				CLANG_WARN_INT_CONVERSION = YES;
				CLANG_WARN_NON_LITERAL_NULL_CONVERSION = YES;
				CLANG_WARN_OBJC_IMPLICIT_RETAIN_SELF = YES;
				CLANG_WARN_OBJC_LITERAL_CONVERSION = YES;
				CLANG_WARN_OBJC_ROOT_CLASS = YES_ERROR;
				CLANG_WARN_QUOTED_INCLUDE_IN_FRAMEWORK_HEADER = YES;
				CLANG_WARN_RANGE_LOOP_ANALYSIS = YES;
				CLANG_WARN_STRICT_PROTOTYPES = YES;
				CLANG_WARN_SUSPICIOUS_MOVE = YES;
				CLANG_WARN_UNGUARDED_AVAILABILITY = YES_AGGRESSIVE;
				CLANG_WARN_UNREACHABLE_CODE = YES;
				CLANG_WARN__DUPLICATE_METHOD_MATCH = YES;
				COPY_PHASE_STRIP = NO;
				CURRENT_PROJECT_VERSION = 1;
				DEBUG_INFORMATION_FORMAT = dwarf;
				ENABLE_STRICT_OBJC_MSGSEND = YES;
				ENABLE_TESTABILITY = YES;
				GCC_C_LANGUAGE_STANDARD = gnu11;
				GCC_DYNAMIC_NO_PIC = NO;
				GCC_NO_COMMON_BLOCKS = YES;
				GCC_OPTIMIZATION_LEVEL = 0;
				GCC_PREPROCESSOR_DEFINITIONS = (
					"DEBUG=1",
					"$(inherited)",
				);
				GCC_WARN_64_TO_32_BIT_CONVERSION = YES;
				GCC_WARN_ABOUT_RETURN_TYPE = YES_ERROR;
				GCC_WARN_UNDECLARED_SELECTOR = YES;
				GCC_WARN_UNINITIALIZED_AUTOS = YES_AGGRESSIVE;
				GCC_WARN_UNUSED_FUNCTION = YES;
				GCC_WARN_UNUSED_VARIABLE = YES;
				IPHONEOS_DEPLOYMENT_TARGET = 14.4;
				MTL_ENABLE_DEBUG_INFO = INCLUDE_SOURCE;
				MTL_FAST_MATH = YES;
				ONLY_ACTIVE_ARCH = YES;
				SDKROOT = iphoneos;
				SWIFT_ACTIVE_COMPILATION_CONDITIONS = DEBUG;
				SWIFT_OPTIMIZATION_LEVEL = "-Onone";
				VERSIONING_SYSTEM = "apple-generic";
				VERSION_INFO_PREFIX = "";
			};
			name = Debug;
		};
		51949BB625C79EFE004D5A21 /* Release */ = {
			isa = XCBuildConfiguration;
			buildSettings = {
				ALWAYS_SEARCH_USER_PATHS = NO;
				CLANG_ANALYZER_NONNULL = YES;
				CLANG_ANALYZER_NUMBER_OBJECT_CONVERSION = YES_AGGRESSIVE;
				CLANG_CXX_LANGUAGE_STANDARD = "gnu++14";
				CLANG_CXX_LIBRARY = "libc++";
				CLANG_ENABLE_MODULES = YES;
				CLANG_ENABLE_OBJC_ARC = YES;
				CLANG_ENABLE_OBJC_WEAK = YES;
				CLANG_WARN_BLOCK_CAPTURE_AUTORELEASING = YES;
				CLANG_WARN_BOOL_CONVERSION = YES;
				CLANG_WARN_COMMA = YES;
				CLANG_WARN_CONSTANT_CONVERSION = YES;
				CLANG_WARN_DEPRECATED_OBJC_IMPLEMENTATIONS = YES;
				CLANG_WARN_DIRECT_OBJC_ISA_USAGE = YES_ERROR;
				CLANG_WARN_DOCUMENTATION_COMMENTS = YES;
				CLANG_WARN_EMPTY_BODY = YES;
				CLANG_WARN_ENUM_CONVERSION = YES;
				CLANG_WARN_INFINITE_RECURSION = YES;
				CLANG_WARN_INT_CONVERSION = YES;
				CLANG_WARN_NON_LITERAL_NULL_CONVERSION = YES;
				CLANG_WARN_OBJC_IMPLICIT_RETAIN_SELF = YES;
				CLANG_WARN_OBJC_LITERAL_CONVERSION = YES;
				CLANG_WARN_OBJC_ROOT_CLASS = YES_ERROR;
				CLANG_WARN_QUOTED_INCLUDE_IN_FRAMEWORK_HEADER = YES;
				CLANG_WARN_RANGE_LOOP_ANALYSIS = YES;
				CLANG_WARN_STRICT_PROTOTYPES = YES;
				CLANG_WARN_SUSPICIOUS_MOVE = YES;
				CLANG_WARN_UNGUARDED_AVAILABILITY = YES_AGGRESSIVE;
				CLANG_WARN_UNREACHABLE_CODE = YES;
				CLANG_WARN__DUPLICATE_METHOD_MATCH = YES;
				COPY_PHASE_STRIP = NO;
				CURRENT_PROJECT_VERSION = 1;
				DEBUG_INFORMATION_FORMAT = "dwarf-with-dsym";
				ENABLE_NS_ASSERTIONS = NO;
				ENABLE_STRICT_OBJC_MSGSEND = YES;
				GCC_C_LANGUAGE_STANDARD = gnu11;
				GCC_NO_COMMON_BLOCKS = YES;
				GCC_WARN_64_TO_32_BIT_CONVERSION = YES;
				GCC_WARN_ABOUT_RETURN_TYPE = YES_ERROR;
				GCC_WARN_UNDECLARED_SELECTOR = YES;
				GCC_WARN_UNINITIALIZED_AUTOS = YES_AGGRESSIVE;
				GCC_WARN_UNUSED_FUNCTION = YES;
				GCC_WARN_UNUSED_VARIABLE = YES;
				IPHONEOS_DEPLOYMENT_TARGET = 14.4;
				MTL_ENABLE_DEBUG_INFO = NO;
				MTL_FAST_MATH = YES;
				SDKROOT = iphoneos;
				SWIFT_COMPILATION_MODE = wholemodule;
				SWIFT_OPTIMIZATION_LEVEL = "-O";
				VALIDATE_PRODUCT = YES;
				VERSIONING_SYSTEM = "apple-generic";
				VERSION_INFO_PREFIX = "";
			};
			name = Release;
		};
		51949BB825C79EFE004D5A21 /* Debug */ = {
			isa = XCBuildConfiguration;
			buildSettings = {
				CLANG_ENABLE_MODULES = YES;
				CODE_SIGN_STYLE = Automatic;
				DEFINES_MODULE = YES;
				DYLIB_COMPATIBILITY_VERSION = 1;
				DYLIB_CURRENT_VERSION = 1;
				DYLIB_INSTALL_NAME_BASE = "@rpath";
				INFOPLIST_FILE = SwiftyLabels/Info.plist;
				INSTALL_PATH = "$(LOCAL_LIBRARY_DIR)/Frameworks";
				LD_RUNPATH_SEARCH_PATHS = (
					"$(inherited)",
					"@executable_path/Frameworks",
					"@loader_path/Frameworks",
				);
				PRODUCT_BUNDLE_IDENTIFIER = com.zabeeh.SwiftyLabels;
				PRODUCT_NAME = "$(TARGET_NAME:c99extidentifier)";
				SKIP_INSTALL = YES;
				SWIFT_OPTIMIZATION_LEVEL = "-Onone";
				SWIFT_VERSION = 5.0;
				TARGETED_DEVICE_FAMILY = "1,2";
			};
			name = Debug;
		};
		51949BB925C79EFE004D5A21 /* Release */ = {
			isa = XCBuildConfiguration;
			buildSettings = {
				CLANG_ENABLE_MODULES = YES;
				CODE_SIGN_STYLE = Automatic;
				DEFINES_MODULE = YES;
				DYLIB_COMPATIBILITY_VERSION = 1;
				DYLIB_CURRENT_VERSION = 1;
				DYLIB_INSTALL_NAME_BASE = "@rpath";
				INFOPLIST_FILE = SwiftyLabels/Info.plist;
				INSTALL_PATH = "$(LOCAL_LIBRARY_DIR)/Frameworks";
				LD_RUNPATH_SEARCH_PATHS = (
					"$(inherited)",
					"@executable_path/Frameworks",
					"@loader_path/Frameworks",
				);
				PRODUCT_BUNDLE_IDENTIFIER = com.zabeeh.SwiftyLabels;
				PRODUCT_NAME = "$(TARGET_NAME:c99extidentifier)";
				SKIP_INSTALL = YES;
				SWIFT_VERSION = 5.0;
				TARGETED_DEVICE_FAMILY = "1,2";
			};
			name = Release;
		};
		51949BBB25C79EFE004D5A21 /* Debug */ = {
			isa = XCBuildConfiguration;
			buildSettings = {
				ALWAYS_EMBED_SWIFT_STANDARD_LIBRARIES = YES;
				CODE_SIGN_STYLE = Automatic;
				INFOPLIST_FILE = SwiftyLabelsTests/Info.plist;
				LD_RUNPATH_SEARCH_PATHS = (
					"$(inherited)",
					"@executable_path/Frameworks",
					"@loader_path/Frameworks",
				);
				PRODUCT_BUNDLE_IDENTIFIER = com.zabeeh.SwiftyLabelsTests;
				PRODUCT_NAME = "$(TARGET_NAME)";
				SWIFT_VERSION = 5.0;
				TARGETED_DEVICE_FAMILY = "1,2";
			};
			name = Debug;
		};
		51949BBC25C79EFE004D5A21 /* Release */ = {
			isa = XCBuildConfiguration;
			buildSettings = {
				ALWAYS_EMBED_SWIFT_STANDARD_LIBRARIES = YES;
				CODE_SIGN_STYLE = Automatic;
				INFOPLIST_FILE = SwiftyLabelsTests/Info.plist;
				LD_RUNPATH_SEARCH_PATHS = (
					"$(inherited)",
					"@executable_path/Frameworks",
					"@loader_path/Frameworks",
				);
				PRODUCT_BUNDLE_IDENTIFIER = com.zabeeh.SwiftyLabelsTests;
				PRODUCT_NAME = "$(TARGET_NAME)";
				SWIFT_VERSION = 5.0;
				TARGETED_DEVICE_FAMILY = "1,2";
			};
			name = Release;
		};
		51949BD525C7A0DB004D5A21 /* Debug */ = {
			isa = XCBuildConfiguration;
			buildSettings = {
				ASSETCATALOG_COMPILER_APPICON_NAME = AppIcon;
				ASSETCATALOG_COMPILER_GLOBAL_ACCENT_COLOR_NAME = AccentColor;
				CODE_SIGN_STYLE = Automatic;
				INFOPLIST_FILE = SwiftyLabelsExamples/Info.plist;
				LD_RUNPATH_SEARCH_PATHS = (
					"$(inherited)",
					"@executable_path/Frameworks",
				);
				PRODUCT_BUNDLE_IDENTIFIER = com.zabeeh.SwiftyLabelsExamples;
				PRODUCT_NAME = "$(TARGET_NAME)";
				SWIFT_VERSION = 5.0;
				TARGETED_DEVICE_FAMILY = "1,2";
			};
			name = Debug;
		};
		51949BD625C7A0DB004D5A21 /* Release */ = {
			isa = XCBuildConfiguration;
			buildSettings = {
				ASSETCATALOG_COMPILER_APPICON_NAME = AppIcon;
				ASSETCATALOG_COMPILER_GLOBAL_ACCENT_COLOR_NAME = AccentColor;
				CODE_SIGN_STYLE = Automatic;
				INFOPLIST_FILE = SwiftyLabelsExamples/Info.plist;
				LD_RUNPATH_SEARCH_PATHS = (
					"$(inherited)",
					"@executable_path/Frameworks",
				);
				PRODUCT_BUNDLE_IDENTIFIER = com.zabeeh.SwiftyLabelsExamples;
				PRODUCT_NAME = "$(TARGET_NAME)";
				SWIFT_VERSION = 5.0;
				TARGETED_DEVICE_FAMILY = "1,2";
			};
			name = Release;
		};
/* End XCBuildConfiguration section */

/* Begin XCConfigurationList section */
		51949B9D25C79EFE004D5A21 /* Build configuration list for PBXProject "SwiftyLabels" */ = {
			isa = XCConfigurationList;
			buildConfigurations = (
				51949BB525C79EFE004D5A21 /* Debug */,
				51949BB625C79EFE004D5A21 /* Release */,
			);
			defaultConfigurationIsVisible = 0;
			defaultConfigurationName = Release;
		};
		51949BB725C79EFE004D5A21 /* Build configuration list for PBXNativeTarget "SwiftyLabels" */ = {
			isa = XCConfigurationList;
			buildConfigurations = (
				51949BB825C79EFE004D5A21 /* Debug */,
				51949BB925C79EFE004D5A21 /* Release */,
			);
			defaultConfigurationIsVisible = 0;
			defaultConfigurationName = Release;
		};
		51949BBA25C79EFE004D5A21 /* Build configuration list for PBXNativeTarget "SwiftyLabelsTests" */ = {
			isa = XCConfigurationList;
			buildConfigurations = (
				51949BBB25C79EFE004D5A21 /* Debug */,
				51949BBC25C79EFE004D5A21 /* Release */,
			);
			defaultConfigurationIsVisible = 0;
			defaultConfigurationName = Release;
		};
		51949BD425C7A0DB004D5A21 /* Build configuration list for PBXNativeTarget "SwiftyLabelsExamples" */ = {
			isa = XCConfigurationList;
			buildConfigurations = (
				51949BD525C7A0DB004D5A21 /* Debug */,
				51949BD625C7A0DB004D5A21 /* Release */,
			);
			defaultConfigurationIsVisible = 0;
			defaultConfigurationName = Release;
		};
/* End XCConfigurationList section */
	};
	rootObject = 51949B9A25C79EFE004D5A21 /* Project object */;
}
